
Microsoft Visual Studio Solution File, Format Version 12.00
# Visual Studio Version 16
VisualStudioVersion = 16.0.30621.155
MinimumVisualStudioVersion = 10.0.40219.1
Project("{FAE04EC0-301F-11D3-BF4B-00C04F79EFBC}") = "karti", "karti\karti.csproj", "{2C71E3F2-CF6A-48ED-9777-BD5CD446B10F}"
EndProject
Global
	GlobalSection(SolutionConfigurationPlatforms) = preSolution
		Debug|Any CPU = Debug|Any CPU
		Release|Any CPU = Release|Any CPU
	EndGlobalSection
	GlobalSection(ProjectConfigurationPlatforms) = postSolution
		{2C71E3F2-CF6A-48ED-9777-BD5CD446B10F}.Debug|Any CPU.ActiveCfg = Debug|Any CPU
		{2C71E3F2-CF6A-48ED-9777-BD5CD446B10F}.Debug|Any CPU.Build.0 = Debug|Any CPU
		{2C71E3F2-CF6A-48ED-9777-BD5CD446B10F}.Release|Any CPU.ActiveCfg = Release|Any CPU
		{2C71E3F2-CF6A-48ED-9777-BD5CD446B10F}.Release|Any CPU.Build.0 = Release|Any CPU
	EndGlobalSection
	GlobalSection(SolutionProperties) = preSolution
		HideSolutionNode = FALSE
	EndGlobalSection
	GlobalSection(ExtensibilityGlobals) = postSolution
		SolutionGuid = {76CA9DA3-AD28-49C7-9296-1BA3526CAAF4}
	EndGlobalSection
EndGlobal
